
Microsoft Visual Studio Solution File, Format Version 12.00
# Visual Studio Version 17
VisualStudioVersion = 17.2.32630.192
MinimumVisualStudioVersion = 10.0.40219.1
Project("{FAE04EC0-301F-11D3-BF4B-00C04F79EFBC}") = "Puzzle", "Puzzle\Puzzle.csproj", "{DD804E8A-423C-496E-89EE-E09795B07D86}"
EndProject
Global
	GlobalSection(SolutionConfigurationPlatforms) = preSolution
		Debug|Any CPU = Debug|Any CPU
		Release|Any CPU = Release|Any CPU
	EndGlobalSection
	GlobalSection(ProjectConfigurationPlatforms) = postSolution
		{DD804E8A-423C-496E-89EE-E09795B07D86}.Debug|Any CPU.ActiveCfg = Debug|Any CPU
		{DD804E8A-423C-496E-89EE-E09795B07D86}.Debug|Any CPU.Build.0 = Debug|Any CPU
		{DD804E8A-423C-496E-89EE-E09795B07D86}.Release|Any CPU.ActiveCfg = Release|Any CPU
		{DD804E8A-423C-496E-89EE-E09795B07D86}.Release|Any CPU.Build.0 = Release|Any CPU
	EndGlobalSection
	GlobalSection(SolutionProperties) = preSolution
		HideSolutionNode = FALSE
	EndGlobalSection
	GlobalSection(ExtensibilityGlobals) = postSolution
		SolutionGuid = {2FEB9C12-E859-4F94-9E1F-9E117DB5113D}
	EndGlobalSection
EndGlobal
